// !$*UTF8*$!
{
	archiveVersion = 1;
	classes = {
	};
	objectVersion = 46;
	objects = {

/* Begin PBXBuildFile section */
		2F018DE919F0961800666586 /* libicucore.dylib in Frameworks */ = {isa = PBXBuildFile; fileRef = 2F018DE819F0961800666586 /* libicucore.dylib */; };
		2F018DEB19F0962800666586 /* libc++.dylib in Frameworks */ = {isa = PBXBuildFile; fileRef = 2F018DEA19F0962800666586 /* libc++.dylib */; };
		2F018DED19F0963400666586 /* CFNetwork.framework in Frameworks */ = {isa = PBXBuildFile; fileRef = 2F018DEC19F0963400666586 /* CFNetwork.framework */; };
		2F018DEF19F0963F00666586 /* Security.framework in Frameworks */ = {isa = PBXBuildFile; fileRef = 2F018DEE19F0963F00666586 /* Security.framework */; };
		2F018DF119F0964C00666586 /* SystemConfiguration.framework in Frameworks */ = {isa = PBXBuildFile; fileRef = 2F018DF019F0964C00666586 /* SystemConfiguration.framework */; };
		2F05367219D9DBB400C14AF5 /* main.m in Sources */ = {isa = PBXBuildFile; fileRef = 2F05367119D9DBB400C14AF5 /* main.m */; };
		2F05367519D9DBB400C14AF5 /* AppDelegate.m in Sources */ = {isa = PBXBuildFile; fileRef = 2F05367419D9DBB400C14AF5 /* AppDelegate.m */; };
		2F05367B19D9DBB400C14AF5 /* Main.storyboard in Resources */ = {isa = PBXBuildFile; fileRef = 2F05367919D9DBB400C14AF5 /* Main.storyboard */; };
		2F05367D19D9DBB400C14AF5 /* Images.xcassets in Resources */ = {isa = PBXBuildFile; fileRef = 2F05367C19D9DBB400C14AF5 /* Images.xcassets */; };
		2F05368019D9DBB400C14AF5 /* LaunchScreen.xib in Resources */ = {isa = PBXBuildFile; fileRef = 2F05367E19D9DBB400C14AF5 /* LaunchScreen.xib */; };
		2F05368C19D9DBB400C14AF5 /* BoredRoomBingoTests.m in Sources */ = {isa = PBXBuildFile; fileRef = 2F05368B19D9DBB400C14AF5 /* BoredRoomBingoTests.m */; };
		2F1B52EB1A16591300D91BE6 /* PublicGamesTableViewController.m in Sources */ = {isa = PBXBuildFile; fileRef = 2F1B52EA1A16591300D91BE6 /* PublicGamesTableViewController.m */; };
		2F2DB61A1A08590B00F98E23 /* ArchivedWordListsTableViewController.m in Sources */ = {isa = PBXBuildFile; fileRef = 2F2DB6191A08590B00F98E23 /* ArchivedWordListsTableViewController.m */; };
		2F2DB61D1A0872EF00F98E23 /* DetailArchiveWordlistTableViewController.m in Sources */ = {isa = PBXBuildFile; fileRef = 2F2DB61C1A0872EF00F98E23 /* DetailArchiveWordlistTableViewController.m */; };
		2F2DB6201A09532300F98E23 /* SelectWordTableViewCell.m in Sources */ = {isa = PBXBuildFile; fileRef = 2F2DB61F1A09532300F98E23 /* SelectWordTableViewCell.m */; };
		2F423F2B1A1074810003DBAA /* BingoBoardViewController.m in Sources */ = {isa = PBXBuildFile; fileRef = 2F423F2A1A1074810003DBAA /* BingoBoardViewController.m */; };
		2F423F2E1A1078040003DBAA /* bingoBoard.jpg in Resources */ = {isa = PBXBuildFile; fileRef = 2F423F2D1A1078040003DBAA /* bingoBoard.jpg */; };
		2F518A3F19FEC86500A587D0 /* FacebookSDK.framework in Frameworks */ = {isa = PBXBuildFile; fileRef = 2F518A3D19FEC86500A587D0 /* FacebookSDK.framework */; };
		2F518A4019FEC86500A587D0 /* Firebase.framework in Frameworks */ = {isa = PBXBuildFile; fileRef = 2F518A3E19FEC86500A587D0 /* Firebase.framework */; };
		2F518A4119FECA4E00A587D0 /* FacebookSDK.framework in Frameworks */ = {isa = PBXBuildFile; fileRef = 2F518A3D19FEC86500A587D0 /* FacebookSDK.framework */; };
		2F518A4219FECA4E00A587D0 /* Firebase.framework in Frameworks */ = {isa = PBXBuildFile; fileRef = 2F518A3E19FEC86500A587D0 /* Firebase.framework */; };
		2F518A4719FF2C8200A587D0 /* MBProgressHUD.m in Sources */ = {isa = PBXBuildFile; fileRef = 2F518A4619FF2C8200A587D0 /* MBProgressHUD.m */; };
		2F70F5C719FD81B200542D24 /* ErrorMessage.m in Sources */ = {isa = PBXBuildFile; fileRef = 2F70F5C619FD81B200542D24 /* ErrorMessage.m */; };
		2F70F5E619FDBD3300542D24 /* LoginSignUpTests.m in Sources */ = {isa = PBXBuildFile; fileRef = 2F70F5E519FDBD3300542D24 /* LoginSignUpTests.m */; };
		2F70F5EA19FDFE0A00542D24 /* GameCreationViewController.m in Sources */ = {isa = PBXBuildFile; fileRef = 2F70F5E919FDFE0A00542D24 /* GameCreationViewController.m */; };
		2F8372EA1A19B1320035C322 /* magnifyingGlass.png in Resources */ = {isa = PBXBuildFile; fileRef = 2F8372E91A19B1320035C322 /* magnifyingGlass.png */; };
		2F8372ED1A19B1660035C322 /* SearchUsersTableViewController.m in Sources */ = {isa = PBXBuildFile; fileRef = 2F8372EC1A19B1660035C322 /* SearchUsersTableViewController.m */; };
		2F8372F01A19B3190035C322 /* SearchUsersTableViewCell.m in Sources */ = {isa = PBXBuildFile; fileRef = 2F8372EF1A19B3190035C322 /* SearchUsersTableViewCell.m */; };
		2F8372F71A1AE5F80035C322 /* HomeScreenViewController.m in Sources */ = {isa = PBXBuildFile; fileRef = 2F8372F61A1AE5F80035C322 /* HomeScreenViewController.m */; };
		2FC383BD19FC84AD00B5B725 /* ForgotPasswordViewController.m in Sources */ = {isa = PBXBuildFile; fileRef = 2FC383BC19FC84AD00B5B725 /* ForgotPasswordViewController.m */; };
		2FC4B6B81A19A7B6007B5F78 /* InviteFriendsViewController.m in Sources */ = {isa = PBXBuildFile; fileRef = 2FC4B6B71A19A7B6007B5F78 /* InviteFriendsViewController.m */; };
		2FC4B6BB1A19AB0D007B5F78 /* InviteFriendModel.m in Sources */ = {isa = PBXBuildFile; fileRef = 2FC4B6BA1A19AB0D007B5F78 /* InviteFriendModel.m */; };
		2FC56FD919FFFFD400BF3EF7 /* CurrentWordsTableViewController.m in Sources */ = {isa = PBXBuildFile; fileRef = 2FC56FD819FFFFD400BF3EF7 /* CurrentWordsTableViewController.m */; };
		2FC56FDD1A000A5B00BF3EF7 /* CurrentWordsTableViewCell.m in Sources */ = {isa = PBXBuildFile; fileRef = 2FC56FDC1A000A5B00BF3EF7 /* CurrentWordsTableViewCell.m */; };
		2FD0D76119F9855700F19DF6 /* CoreData.framework in Frameworks */ = {isa = PBXBuildFile; fileRef = 2FD0D76019F9855700F19DF6 /* CoreData.framework */; };
		2FD0D76419F987C800F19DF6 /* NSStringAdditions.h in Sources */ = {isa = PBXBuildFile; fileRef = 2FD0D76319F987C800F19DF6 /* NSStringAdditions.h */; };
		2FD0D76B19F9CD6500F19DF6 /* Foundation.framework in Frameworks */ = {isa = PBXBuildFile; fileRef = 2FD0D76A19F9CD6500F19DF6 /* Foundation.framework */; };
		2FD0D76D19F9CD6D00F19DF6 /* CoreGraphics.framework in Frameworks */ = {isa = PBXBuildFile; fileRef = 2FD0D76C19F9CD6D00F19DF6 /* CoreGraphics.framework */; };
		2FD0D76F19F9CD7500F19DF6 /* UIKit.framework in Frameworks */ = {isa = PBXBuildFile; fileRef = 2FD0D76E19F9CD7500F19DF6 /* UIKit.framework */; };
		2FD0D77219FAB45200F19DF6 /* LoginSignUp.m in Sources */ = {isa = PBXBuildFile; fileRef = 2FD0D77119FAB45200F19DF6 /* LoginSignUp.m */; };
		2FD2ABA41A1C5A05004FA5AE /* InvitationsTableViewController.m in Sources */ = {isa = PBXBuildFile; fileRef = 2FD2ABA31A1C5A05004FA5AE /* InvitationsTableViewController.m */; };
		2FD2ABA81A1C632D004FA5AE /* InvitationTableViewCell.m in Sources */ = {isa = PBXBuildFile; fileRef = 2FD2ABA71A1C632D004FA5AE /* InvitationTableViewCell.m */; };
		2FF5B5101A16A10E00A3A196 /* BoardModel.m in Sources */ = {isa = PBXBuildFile; fileRef = 2FF5B50F1A16A10E00A3A196 /* BoardModel.m */; };
/* End PBXBuildFile section */

/* Begin PBXContainerItemProxy section */
		2F05368619D9DBB400C14AF5 /* PBXContainerItemProxy */ = {
			isa = PBXContainerItemProxy;
			containerPortal = 2F05366419D9DBB400C14AF5 /* Project object */;
			proxyType = 1;
			remoteGlobalIDString = 2F05366B19D9DBB400C14AF5;
			remoteInfo = BoredRoomBingo;
		};
/* End PBXContainerItemProxy section */

/* Begin PBXFileReference section */
		2F018DE819F0961800666586 /* libicucore.dylib */ = {isa = PBXFileReference; lastKnownFileType = "compiled.mach-o.dylib"; name = libicucore.dylib; path = usr/lib/libicucore.dylib; sourceTree = SDKROOT; };
		2F018DEA19F0962800666586 /* libc++.dylib */ = {isa = PBXFileReference; lastKnownFileType = "compiled.mach-o.dylib"; name = "libc++.dylib"; path = "usr/lib/libc++.dylib"; sourceTree = SDKROOT; };
		2F018DEC19F0963400666586 /* CFNetwork.framework */ = {isa = PBXFileReference; lastKnownFileType = wrapper.framework; name = CFNetwork.framework; path = System/Library/Frameworks/CFNetwork.framework; sourceTree = SDKROOT; };
		2F018DEE19F0963F00666586 /* Security.framework */ = {isa = PBXFileReference; lastKnownFileType = wrapper.framework; name = Security.framework; path = System/Library/Frameworks/Security.framework; sourceTree = SDKROOT; };
		2F018DF019F0964C00666586 /* SystemConfiguration.framework */ = {isa = PBXFileReference; lastKnownFileType = wrapper.framework; name = SystemConfiguration.framework; path = System/Library/Frameworks/SystemConfiguration.framework; sourceTree = SDKROOT; };
		2F05366C19D9DBB400C14AF5 /* BoredRoomBingo.app */ = {isa = PBXFileReference; explicitFileType = wrapper.application; includeInIndex = 0; path = BoredRoomBingo.app; sourceTree = BUILT_PRODUCTS_DIR; };
		2F05367019D9DBB400C14AF5 /* Info.plist */ = {isa = PBXFileReference; lastKnownFileType = text.plist.xml; path = Info.plist; sourceTree = "<group>"; };
		2F05367119D9DBB400C14AF5 /* main.m */ = {isa = PBXFileReference; lastKnownFileType = sourcecode.c.objc; path = main.m; sourceTree = "<group>"; };
		2F05367319D9DBB400C14AF5 /* AppDelegate.h */ = {isa = PBXFileReference; lastKnownFileType = sourcecode.c.h; path = AppDelegate.h; sourceTree = "<group>"; };
		2F05367419D9DBB400C14AF5 /* AppDelegate.m */ = {isa = PBXFileReference; lastKnownFileType = sourcecode.c.objc; path = AppDelegate.m; sourceTree = "<group>"; };
		2F05367A19D9DBB400C14AF5 /* Base */ = {isa = PBXFileReference; lastKnownFileType = file.storyboard; name = Base; path = Base.lproj/Main.storyboard; sourceTree = "<group>"; };
		2F05367C19D9DBB400C14AF5 /* Images.xcassets */ = {isa = PBXFileReference; lastKnownFileType = folder.assetcatalog; path = Images.xcassets; sourceTree = "<group>"; };
		2F05367F19D9DBB400C14AF5 /* Base */ = {isa = PBXFileReference; lastKnownFileType = file.xib; name = Base; path = Base.lproj/LaunchScreen.xib; sourceTree = "<group>"; };
		2F05368519D9DBB400C14AF5 /* BoredRoomBingoTests.xctest */ = {isa = PBXFileReference; explicitFileType = wrapper.cfbundle; includeInIndex = 0; path = BoredRoomBingoTests.xctest; sourceTree = BUILT_PRODUCTS_DIR; };
		2F05368A19D9DBB400C14AF5 /* Info.plist */ = {isa = PBXFileReference; lastKnownFileType = text.plist.xml; path = Info.plist; sourceTree = "<group>"; };
		2F05368B19D9DBB400C14AF5 /* BoredRoomBingoTests.m */ = {isa = PBXFileReference; lastKnownFileType = sourcecode.c.objc; path = BoredRoomBingoTests.m; sourceTree = "<group>"; };
		2F1B52E91A16591300D91BE6 /* PublicGamesTableViewController.h */ = {isa = PBXFileReference; fileEncoding = 4; lastKnownFileType = sourcecode.c.h; path = PublicGamesTableViewController.h; sourceTree = "<group>"; };
		2F1B52EA1A16591300D91BE6 /* PublicGamesTableViewController.m */ = {isa = PBXFileReference; fileEncoding = 4; lastKnownFileType = sourcecode.c.objc; path = PublicGamesTableViewController.m; sourceTree = "<group>"; };
		2F2DB6181A08590B00F98E23 /* ArchivedWordListsTableViewController.h */ = {isa = PBXFileReference; fileEncoding = 4; lastKnownFileType = sourcecode.c.h; path = ArchivedWordListsTableViewController.h; sourceTree = "<group>"; };
		2F2DB6191A08590B00F98E23 /* ArchivedWordListsTableViewController.m */ = {isa = PBXFileReference; fileEncoding = 4; lastKnownFileType = sourcecode.c.objc; path = ArchivedWordListsTableViewController.m; sourceTree = "<group>"; };
		2F2DB61B1A0872EF00F98E23 /* DetailArchiveWordlistTableViewController.h */ = {isa = PBXFileReference; fileEncoding = 4; lastKnownFileType = sourcecode.c.h; path = DetailArchiveWordlistTableViewController.h; sourceTree = "<group>"; };
		2F2DB61C1A0872EF00F98E23 /* DetailArchiveWordlistTableViewController.m */ = {isa = PBXFileReference; fileEncoding = 4; lastKnownFileType = sourcecode.c.objc; path = DetailArchiveWordlistTableViewController.m; sourceTree = "<group>"; };
		2F2DB61E1A09532300F98E23 /* SelectWordTableViewCell.h */ = {isa = PBXFileReference; fileEncoding = 4; lastKnownFileType = sourcecode.c.h; path = SelectWordTableViewCell.h; sourceTree = "<group>"; };
		2F2DB61F1A09532300F98E23 /* SelectWordTableViewCell.m */ = {isa = PBXFileReference; fileEncoding = 4; lastKnownFileType = sourcecode.c.objc; path = SelectWordTableViewCell.m; sourceTree = "<group>"; };
		2F423F291A1074810003DBAA /* BingoBoardViewController.h */ = {isa = PBXFileReference; fileEncoding = 4; lastKnownFileType = sourcecode.c.h; path = BingoBoardViewController.h; sourceTree = "<group>"; };
		2F423F2A1A1074810003DBAA /* BingoBoardViewController.m */ = {isa = PBXFileReference; fileEncoding = 4; lastKnownFileType = sourcecode.c.objc; path = BingoBoardViewController.m; sourceTree = "<group>"; };
		2F423F2D1A1078040003DBAA /* bingoBoard.jpg */ = {isa = PBXFileReference; lastKnownFileType = image.jpeg; path = bingoBoard.jpg; sourceTree = "<group>"; };
		2F518A3D19FEC86500A587D0 /* FacebookSDK.framework */ = {isa = PBXFileReference; lastKnownFileType = wrapper.framework; name = FacebookSDK.framework; path = BoredRoomBingo/FacebookSDK.framework; sourceTree = "<group>"; };
		2F518A3E19FEC86500A587D0 /* Firebase.framework */ = {isa = PBXFileReference; lastKnownFileType = wrapper.framework; name = Firebase.framework; path = BoredRoomBingo/Firebase.framework; sourceTree = "<group>"; };
		2F518A4519FF2C8200A587D0 /* MBProgressHUD.h */ = {isa = PBXFileReference; fileEncoding = 4; lastKnownFileType = sourcecode.c.h; path = MBProgressHUD.h; sourceTree = "<group>"; };
		2F518A4619FF2C8200A587D0 /* MBProgressHUD.m */ = {isa = PBXFileReference; fileEncoding = 4; lastKnownFileType = sourcecode.c.objc; path = MBProgressHUD.m; sourceTree = "<group>"; };
		2F70F5C519FD81B200542D24 /* ErrorMessage.h */ = {isa = PBXFileReference; fileEncoding = 4; lastKnownFileType = sourcecode.c.h; path = ErrorMessage.h; sourceTree = "<group>"; };
		2F70F5C619FD81B200542D24 /* ErrorMessage.m */ = {isa = PBXFileReference; fileEncoding = 4; lastKnownFileType = sourcecode.c.objc; path = ErrorMessage.m; sourceTree = "<group>"; };
		2F70F5E519FDBD3300542D24 /* LoginSignUpTests.m */ = {isa = PBXFileReference; fileEncoding = 4; lastKnownFileType = sourcecode.c.objc; name = LoginSignUpTests.m; path = BoredRoomBingo/LoginSignUpTests.m; sourceTree = "<group>"; };
		2F70F5E819FDFE0A00542D24 /* GameCreationViewController.h */ = {isa = PBXFileReference; fileEncoding = 4; lastKnownFileType = sourcecode.c.h; path = GameCreationViewController.h; sourceTree = "<group>"; };
		2F70F5E919FDFE0A00542D24 /* GameCreationViewController.m */ = {isa = PBXFileReference; fileEncoding = 4; lastKnownFileType = sourcecode.c.objc; path = GameCreationViewController.m; sourceTree = "<group>"; };
		2F8372E91A19B1320035C322 /* magnifyingGlass.png */ = {isa = PBXFileReference; lastKnownFileType = image.png; path = magnifyingGlass.png; sourceTree = "<group>"; };
		2F8372EB1A19B1660035C322 /* SearchUsersTableViewController.h */ = {isa = PBXFileReference; fileEncoding = 4; lastKnownFileType = sourcecode.c.h; path = SearchUsersTableViewController.h; sourceTree = "<group>"; };
		2F8372EC1A19B1660035C322 /* SearchUsersTableViewController.m */ = {isa = PBXFileReference; fileEncoding = 4; lastKnownFileType = sourcecode.c.objc; path = SearchUsersTableViewController.m; sourceTree = "<group>"; };
		2F8372EE1A19B3190035C322 /* SearchUsersTableViewCell.h */ = {isa = PBXFileReference; fileEncoding = 4; lastKnownFileType = sourcecode.c.h; path = SearchUsersTableViewCell.h; sourceTree = "<group>"; };
		2F8372EF1A19B3190035C322 /* SearchUsersTableViewCell.m */ = {isa = PBXFileReference; fileEncoding = 4; lastKnownFileType = sourcecode.c.objc; path = SearchUsersTableViewCell.m; sourceTree = "<group>"; };
		2F8372F51A1AE5F80035C322 /* HomeScreenViewController.h */ = {isa = PBXFileReference; fileEncoding = 4; lastKnownFileType = sourcecode.c.h; path = HomeScreenViewController.h; sourceTree = "<group>"; };
		2F8372F61A1AE5F80035C322 /* HomeScreenViewController.m */ = {isa = PBXFileReference; fileEncoding = 4; lastKnownFileType = sourcecode.c.objc; path = HomeScreenViewController.m; sourceTree = "<group>"; };
		2FC383BB19FC84AD00B5B725 /* ForgotPasswordViewController.h */ = {isa = PBXFileReference; fileEncoding = 4; lastKnownFileType = sourcecode.c.h; path = ForgotPasswordViewController.h; sourceTree = "<group>"; };
		2FC383BC19FC84AD00B5B725 /* ForgotPasswordViewController.m */ = {isa = PBXFileReference; fileEncoding = 4; lastKnownFileType = sourcecode.c.objc; path = ForgotPasswordViewController.m; sourceTree = "<group>"; };
		2FC4B6B61A19A7B6007B5F78 /* InviteFriendsViewController.h */ = {isa = PBXFileReference; fileEncoding = 4; lastKnownFileType = sourcecode.c.h; path = InviteFriendsViewController.h; sourceTree = "<group>"; };
		2FC4B6B71A19A7B6007B5F78 /* InviteFriendsViewController.m */ = {isa = PBXFileReference; fileEncoding = 4; lastKnownFileType = sourcecode.c.objc; path = InviteFriendsViewController.m; sourceTree = "<group>"; };
		2FC4B6B91A19AB0D007B5F78 /* InviteFriendModel.h */ = {isa = PBXFileReference; fileEncoding = 4; lastKnownFileType = sourcecode.c.h; path = InviteFriendModel.h; sourceTree = "<group>"; };
		2FC4B6BA1A19AB0D007B5F78 /* InviteFriendModel.m */ = {isa = PBXFileReference; fileEncoding = 4; lastKnownFileType = sourcecode.c.objc; path = InviteFriendModel.m; sourceTree = "<group>"; };
		2FC56FD719FFFFD400BF3EF7 /* CurrentWordsTableViewController.h */ = {isa = PBXFileReference; fileEncoding = 4; lastKnownFileType = sourcecode.c.h; path = CurrentWordsTableViewController.h; sourceTree = "<group>"; };
		2FC56FD819FFFFD400BF3EF7 /* CurrentWordsTableViewController.m */ = {isa = PBXFileReference; fileEncoding = 4; lastKnownFileType = sourcecode.c.objc; path = CurrentWordsTableViewController.m; sourceTree = "<group>"; };
		2FC56FDB1A000A5B00BF3EF7 /* CurrentWordsTableViewCell.h */ = {isa = PBXFileReference; fileEncoding = 4; lastKnownFileType = sourcecode.c.h; path = CurrentWordsTableViewCell.h; sourceTree = "<group>"; };
		2FC56FDC1A000A5B00BF3EF7 /* CurrentWordsTableViewCell.m */ = {isa = PBXFileReference; fileEncoding = 4; lastKnownFileType = sourcecode.c.objc; path = CurrentWordsTableViewCell.m; sourceTree = "<group>"; };
		2FD0D76019F9855700F19DF6 /* CoreData.framework */ = {isa = PBXFileReference; lastKnownFileType = wrapper.framework; name = CoreData.framework; path = System/Library/Frameworks/CoreData.framework; sourceTree = SDKROOT; };
		2FD0D76319F987C800F19DF6 /* NSStringAdditions.h */ = {isa = PBXFileReference; fileEncoding = 4; lastKnownFileType = sourcecode.c.h; name = NSStringAdditions.h; path = ../NSStringAdditions.h; sourceTree = "<group>"; };
		2FD0D76A19F9CD6500F19DF6 /* Foundation.framework */ = {isa = PBXFileReference; lastKnownFileType = wrapper.framework; name = Foundation.framework; path = System/Library/Frameworks/Foundation.framework; sourceTree = SDKROOT; };
		2FD0D76C19F9CD6D00F19DF6 /* CoreGraphics.framework */ = {isa = PBXFileReference; lastKnownFileType = wrapper.framework; name = CoreGraphics.framework; path = System/Library/Frameworks/CoreGraphics.framework; sourceTree = SDKROOT; };
		2FD0D76E19F9CD7500F19DF6 /* UIKit.framework */ = {isa = PBXFileReference; lastKnownFileType = wrapper.framework; name = UIKit.framework; path = System/Library/Frameworks/UIKit.framework; sourceTree = SDKROOT; };
		2FD0D77019FAB45200F19DF6 /* LoginSignUp.h */ = {isa = PBXFileReference; fileEncoding = 4; lastKnownFileType = sourcecode.c.h; path = LoginSignUp.h; sourceTree = "<group>"; };
		2FD0D77119FAB45200F19DF6 /* LoginSignUp.m */ = {isa = PBXFileReference; fileEncoding = 4; lastKnownFileType = sourcecode.c.objc; path = LoginSignUp.m; sourceTree = "<group>"; };
		2FD2ABA21A1C5A05004FA5AE /* InvitationsTableViewController.h */ = {isa = PBXFileReference; fileEncoding = 4; lastKnownFileType = sourcecode.c.h; path = InvitationsTableViewController.h; sourceTree = "<group>"; };
		2FD2ABA31A1C5A05004FA5AE /* InvitationsTableViewController.m */ = {isa = PBXFileReference; fileEncoding = 4; lastKnownFileType = sourcecode.c.objc; path = InvitationsTableViewController.m; sourceTree = "<group>"; };
		2FD2ABA61A1C632D004FA5AE /* InvitationTableViewCell.h */ = {isa = PBXFileReference; fileEncoding = 4; lastKnownFileType = sourcecode.c.h; path = InvitationTableViewCell.h; sourceTree = "<group>"; };
		2FD2ABA71A1C632D004FA5AE /* InvitationTableViewCell.m */ = {isa = PBXFileReference; fileEncoding = 4; lastKnownFileType = sourcecode.c.objc; path = InvitationTableViewCell.m; sourceTree = "<group>"; };
		2FE8CE0B19F0B2BA000BDF29 /* config.h */ = {isa = PBXFileReference; lastKnownFileType = sourcecode.c.h; path = config.h; sourceTree = "<group>"; };
		2FF5B50E1A16A10E00A3A196 /* BoardModel.h */ = {isa = PBXFileReference; fileEncoding = 4; lastKnownFileType = sourcecode.c.h; path = BoardModel.h; sourceTree = "<group>"; };
		2FF5B50F1A16A10E00A3A196 /* BoardModel.m */ = {isa = PBXFileReference; fileEncoding = 4; lastKnownFileType = sourcecode.c.objc; path = BoardModel.m; sourceTree = "<group>"; };
/* End PBXFileReference section */

/* Begin PBXFrameworksBuildPhase section */
		2F05366919D9DBB400C14AF5 /* Frameworks */ = {
			isa = PBXFrameworksBuildPhase;
			buildActionMask = 2147483647;
			files = (
				2FD0D76F19F9CD7500F19DF6 /* UIKit.framework in Frameworks */,
				2F518A3F19FEC86500A587D0 /* FacebookSDK.framework in Frameworks */,
				2FD0D76D19F9CD6D00F19DF6 /* CoreGraphics.framework in Frameworks */,
				2FD0D76B19F9CD6500F19DF6 /* Foundation.framework in Frameworks */,
				2F518A4019FEC86500A587D0 /* Firebase.framework in Frameworks */,
				2FD0D76119F9855700F19DF6 /* CoreData.framework in Frameworks */,
				2F018DF119F0964C00666586 /* SystemConfiguration.framework in Frameworks */,
				2F018DEF19F0963F00666586 /* Security.framework in Frameworks */,
				2F018DED19F0963400666586 /* CFNetwork.framework in Frameworks */,
				2F018DEB19F0962800666586 /* libc++.dylib in Frameworks */,
				2F018DE919F0961800666586 /* libicucore.dylib in Frameworks */,
			);
			runOnlyForDeploymentPostprocessing = 0;
		};
		2F05368219D9DBB400C14AF5 /* Frameworks */ = {
			isa = PBXFrameworksBuildPhase;
			buildActionMask = 2147483647;
			files = (
				2F518A4119FECA4E00A587D0 /* FacebookSDK.framework in Frameworks */,
				2F518A4219FECA4E00A587D0 /* Firebase.framework in Frameworks */,
			);
			runOnlyForDeploymentPostprocessing = 0;
		};
/* End PBXFrameworksBuildPhase section */

/* Begin PBXGroup section */
		2F018DF219F098BC00666586 /* Frameworks */ = {
			isa = PBXGroup;
			children = (
				2F518A3D19FEC86500A587D0 /* FacebookSDK.framework */,
				2F518A3E19FEC86500A587D0 /* Firebase.framework */,
				2FD0D76E19F9CD7500F19DF6 /* UIKit.framework */,
				2FD0D76C19F9CD6D00F19DF6 /* CoreGraphics.framework */,
				2FD0D76A19F9CD6500F19DF6 /* Foundation.framework */,
				2FD0D76019F9855700F19DF6 /* CoreData.framework */,
				2F018DEA19F0962800666586 /* libc++.dylib */,
				2F018DE819F0961800666586 /* libicucore.dylib */,
				2F018DEC19F0963400666586 /* CFNetwork.framework */,
				2F018DF019F0964C00666586 /* SystemConfiguration.framework */,
				2F018DEE19F0963F00666586 /* Security.framework */,
			);
			name = Frameworks;
			sourceTree = "<group>";
		};
		2F05366319D9DBB400C14AF5 = {
			isa = PBXGroup;
			children = (
				2F05366E19D9DBB400C14AF5 /* BoredRoomBingo */,
				2FD0D74A19F7619C00F19DF6 /* ErrorChecking */,
				2F05366F19D9DBB400C14AF5 /* Supporting Files */,
				2FD0D76919F9CCDA00F19DF6 /* ProgressHUD */,
				2F05368819D9DBB400C14AF5 /* BoredRoomBingoTests */,
				2F05366D19D9DBB400C14AF5 /* Products */,
				2F018DF219F098BC00666586 /* Frameworks */,
			);
			sourceTree = "<group>";
		};
		2F05366D19D9DBB400C14AF5 /* Products */ = {
			isa = PBXGroup;
			children = (
				2F05366C19D9DBB400C14AF5 /* BoredRoomBingo.app */,
				2F05368519D9DBB400C14AF5 /* BoredRoomBingoTests.xctest */,
			);
			name = Products;
			sourceTree = "<group>";
		};
		2F05366E19D9DBB400C14AF5 /* BoredRoomBingo */ = {
			isa = PBXGroup;
			children = (
				2F05367919D9DBB400C14AF5 /* Main.storyboard */,
				2FD2ABA51A1C6051004FA5AE /* MyInvitations */,
				2FD2ABA11A1BB5D5004FA5AE /* Home Screen */,
				2F1B52EC1A16591B00D91BE6 /* Public Games */,
				2FC56FDE1A000A6B00BF3EF7 /* Current Words Table */,
				2F2DB6171A0856E700F98E23 /* Archived List */,
				2F8372F11A19B3220035C322 /* InviteUsers */,
				2FC56FDA19FFFFDD00BF3EF7 /* GameCreation */,
				2F423F2C1A10748A0003DBAA /* Board */,
				2FD0D77319FAB7C300F19DF6 /* login */,
				2FC383BE19FC8E7200B5B725 /* ForgotPassword? */,
				2F05367C19D9DBB400C14AF5 /* Images.xcassets */,
				2F8372E91A19B1320035C322 /* magnifyingGlass.png */,
				2F423F2D1A1078040003DBAA /* bingoBoard.jpg */,
				2F05367E19D9DBB400C14AF5 /* LaunchScreen.xib */,
			);
			path = BoredRoomBingo;
			sourceTree = "<group>";
		};
		2F05366F19D9DBB400C14AF5 /* Supporting Files */ = {
			isa = PBXGroup;
			children = (
				2FD0D76519F9A5F900F19DF6 /* Photos */,
				2FE8CE0B19F0B2BA000BDF29 /* config.h */,
				2FD0D76319F987C800F19DF6 /* NSStringAdditions.h */,
				2F05367319D9DBB400C14AF5 /* AppDelegate.h */,
				2F05367419D9DBB400C14AF5 /* AppDelegate.m */,
				2F05367019D9DBB400C14AF5 /* Info.plist */,
				2F05367119D9DBB400C14AF5 /* main.m */,
			);
			name = "Supporting Files";
			path = BoredRoomBingo;
			sourceTree = "<group>";
		};
		2F05368819D9DBB400C14AF5 /* BoredRoomBingoTests */ = {
			isa = PBXGroup;
			children = (
				2F70F5E719FDBD3B00542D24 /* Test Cases */,
				2F05368B19D9DBB400C14AF5 /* BoredRoomBingoTests.m */,
				2F05368919D9DBB400C14AF5 /* Supporting Files */,
			);
			path = BoredRoomBingoTests;
			sourceTree = "<group>";
		};
		2F05368919D9DBB400C14AF5 /* Supporting Files */ = {
			isa = PBXGroup;
			children = (
				2F05368A19D9DBB400C14AF5 /* Info.plist */,
			);
			name = "Supporting Files";
			sourceTree = "<group>";
		};
		2F1B52EC1A16591B00D91BE6 /* Public Games */ = {
			isa = PBXGroup;
			children = (
				2F1B52E91A16591300D91BE6 /* PublicGamesTableViewController.h */,
				2F1B52EA1A16591300D91BE6 /* PublicGamesTableViewController.m */,
			);
			name = "Public Games";
			sourceTree = "<group>";
		};
		2F2DB6171A0856E700F98E23 /* Archived List */ = {
			isa = PBXGroup;
			children = (
				2F2DB6181A08590B00F98E23 /* ArchivedWordListsTableViewController.h */,
				2F2DB6191A08590B00F98E23 /* ArchivedWordListsTableViewController.m */,
				2F2DB61B1A0872EF00F98E23 /* DetailArchiveWordlistTableViewController.h */,
				2F2DB61C1A0872EF00F98E23 /* DetailArchiveWordlistTableViewController.m */,
				2F2DB61E1A09532300F98E23 /* SelectWordTableViewCell.h */,
				2F2DB61F1A09532300F98E23 /* SelectWordTableViewCell.m */,
			);
			name = "Archived List";
			sourceTree = "<group>";
		};
		2F423F2C1A10748A0003DBAA /* Board */ = {
			isa = PBXGroup;
			children = (
				2FF5B50E1A16A10E00A3A196 /* BoardModel.h */,
				2FF5B50F1A16A10E00A3A196 /* BoardModel.m */,
				2F423F291A1074810003DBAA /* BingoBoardViewController.h */,
				2F423F2A1A1074810003DBAA /* BingoBoardViewController.m */,
			);
			name = Board;
			sourceTree = "<group>";
		};
		2F70F5E719FDBD3B00542D24 /* Test Cases */ = {
			isa = PBXGroup;
			children = (
				2F70F5E519FDBD3300542D24 /* LoginSignUpTests.m */,
			);
			name = "Test Cases";
			path = ..;
			sourceTree = "<group>";
		};
		2F8372F11A19B3220035C322 /* InviteUsers */ = {
			isa = PBXGroup;
			children = (
				2FC4B6B91A19AB0D007B5F78 /* InviteFriendModel.h */,
				2FC4B6BA1A19AB0D007B5F78 /* InviteFriendModel.m */,
				2FC4B6B61A19A7B6007B5F78 /* InviteFriendsViewController.h */,
				2FC4B6B71A19A7B6007B5F78 /* InviteFriendsViewController.m */,
				2F8372EB1A19B1660035C322 /* SearchUsersTableViewController.h */,
				2F8372EC1A19B1660035C322 /* SearchUsersTableViewController.m */,
				2F8372EE1A19B3190035C322 /* SearchUsersTableViewCell.h */,
				2F8372EF1A19B3190035C322 /* SearchUsersTableViewCell.m */,
			);
			name = InviteUsers;
			sourceTree = "<group>";
		};
		2FC383BE19FC8E7200B5B725 /* ForgotPassword? */ = {
			isa = PBXGroup;
			children = (
				2FC383BB19FC84AD00B5B725 /* ForgotPasswordViewController.h */,
				2FC383BC19FC84AD00B5B725 /* ForgotPasswordViewController.m */,
			);
			name = "ForgotPassword?";
			sourceTree = "<group>";
		};
		2FC56FDA19FFFFDD00BF3EF7 /* GameCreation */ = {
			isa = PBXGroup;
			children = (
				2F70F5E819FDFE0A00542D24 /* GameCreationViewController.h */,
				2F70F5E919FDFE0A00542D24 /* GameCreationViewController.m */,
			);
			name = GameCreation;
			sourceTree = "<group>";
		};
		2FC56FDE1A000A6B00BF3EF7 /* Current Words Table */ = {
			isa = PBXGroup;
			children = (
				2FC56FD719FFFFD400BF3EF7 /* CurrentWordsTableViewController.h */,
				2FC56FD819FFFFD400BF3EF7 /* CurrentWordsTableViewController.m */,
				2FC56FDB1A000A5B00BF3EF7 /* CurrentWordsTableViewCell.h */,
				2FC56FDC1A000A5B00BF3EF7 /* CurrentWordsTableViewCell.m */,
			);
			name = "Current Words Table";
			sourceTree = "<group>";
		};
		2FD0D74A19F7619C00F19DF6 /* ErrorChecking */ = {
			isa = PBXGroup;
			children = (
				2F70F5C519FD81B200542D24 /* ErrorMessage.h */,
				2F70F5C619FD81B200542D24 /* ErrorMessage.m */,
			);
			name = ErrorChecking;
			path = BoredRoomBingo;
			sourceTree = "<group>";
		};
		2FD0D76519F9A5F900F19DF6 /* Photos */ = {
			isa = PBXGroup;
			children = (
			);
			name = Photos;
			path = ..;
			sourceTree = "<group>";
		};
		2FD0D76919F9CCDA00F19DF6 /* ProgressHUD */ = {
			isa = PBXGroup;
			children = (
				2F518A4519FF2C8200A587D0 /* MBProgressHUD.h */,
				2F518A4619FF2C8200A587D0 /* MBProgressHUD.m */,
			);
			name = ProgressHUD;
			path = BoredRoomBingo;
			sourceTree = "<group>";
		};
		2FD0D77319FAB7C300F19DF6 /* login */ = {
			isa = PBXGroup;
			children = (
				2FD0D77019FAB45200F19DF6 /* LoginSignUp.h */,
				2FD0D77119FAB45200F19DF6 /* LoginSignUp.m */,
			);
			name = login;
			sourceTree = "<group>";
		};
		2FD2ABA11A1BB5D5004FA5AE /* Home Screen */ = {
			isa = PBXGroup;
			children = (
				2F8372F51A1AE5F80035C322 /* HomeScreenViewController.h */,
				2F8372F61A1AE5F80035C322 /* HomeScreenViewController.m */,
			);
			name = "Home Screen";
			sourceTree = "<group>";
		};
		2FD2ABA51A1C6051004FA5AE /* MyInvitations */ = {
			isa = PBXGroup;
			children = (
				2FD2ABA21A1C5A05004FA5AE /* InvitationsTableViewController.h */,
				2FD2ABA31A1C5A05004FA5AE /* InvitationsTableViewController.m */,
				2FD2ABA61A1C632D004FA5AE /* InvitationTableViewCell.h */,
				2FD2ABA71A1C632D004FA5AE /* InvitationTableViewCell.m */,
			);
			name = MyInvitations;
			sourceTree = "<group>";
		};
/* End PBXGroup section */

/* Begin PBXNativeTarget section */
		2F05366B19D9DBB400C14AF5 /* BoredRoomBingo */ = {
			isa = PBXNativeTarget;
			buildConfigurationList = 2F05368F19D9DBB400C14AF5 /* Build configuration list for PBXNativeTarget "BoredRoomBingo" */;
			buildPhases = (
				2F05366819D9DBB400C14AF5 /* Sources */,
				2F05366919D9DBB400C14AF5 /* Frameworks */,
				2F05366A19D9DBB400C14AF5 /* Resources */,
			);
			buildRules = (
			);
			dependencies = (
			);
			name = BoredRoomBingo;
			productName = BoredRoomBingo;
			productReference = 2F05366C19D9DBB400C14AF5 /* BoredRoomBingo.app */;
			productType = "com.apple.product-type.application";
		};
		2F05368419D9DBB400C14AF5 /* BoredRoomBingoTests */ = {
			isa = PBXNativeTarget;
			buildConfigurationList = 2F05369219D9DBB400C14AF5 /* Build configuration list for PBXNativeTarget "BoredRoomBingoTests" */;
			buildPhases = (
				2F05368119D9DBB400C14AF5 /* Sources */,
				2F05368219D9DBB400C14AF5 /* Frameworks */,
				2F05368319D9DBB400C14AF5 /* Resources */,
			);
			buildRules = (
			);
			dependencies = (
				2F05368719D9DBB400C14AF5 /* PBXTargetDependency */,
			);
			name = BoredRoomBingoTests;
			productName = BoredRoomBingoTests;
			productReference = 2F05368519D9DBB400C14AF5 /* BoredRoomBingoTests.xctest */;
			productType = "com.apple.product-type.bundle.unit-test";
		};
/* End PBXNativeTarget section */

/* Begin PBXProject section */
		2F05366419D9DBB400C14AF5 /* Project object */ = {
			isa = PBXProject;
			attributes = {
				LastUpgradeCheck = 0600;
				ORGANIZATIONNAME = "Tom Reinhart";
				TargetAttributes = {
					2F05366B19D9DBB400C14AF5 = {
						CreatedOnToolsVersion = 6.0.1;
						DevelopmentTeam = H4X2TG62HF;
					};
					2F05368419D9DBB400C14AF5 = {
						CreatedOnToolsVersion = 6.0.1;
						TestTargetID = 2F05366B19D9DBB400C14AF5;
					};
				};
			};
			buildConfigurationList = 2F05366719D9DBB400C14AF5 /* Build configuration list for PBXProject "BoredRoomBingo" */;
			compatibilityVersion = "Xcode 3.2";
			developmentRegion = English;
			hasScannedForEncodings = 0;
			knownRegions = (
				en,
				Base,
			);
			mainGroup = 2F05366319D9DBB400C14AF5;
			productRefGroup = 2F05366D19D9DBB400C14AF5 /* Products */;
			projectDirPath = "";
			projectRoot = "";
			targets = (
				2F05366B19D9DBB400C14AF5 /* BoredRoomBingo */,
				2F05368419D9DBB400C14AF5 /* BoredRoomBingoTests */,
			);
		};
/* End PBXProject section */

/* Begin PBXResourcesBuildPhase section */
		2F05366A19D9DBB400C14AF5 /* Resources */ = {
			isa = PBXResourcesBuildPhase;
			buildActionMask = 2147483647;
			files = (
				2F423F2E1A1078040003DBAA /* bingoBoard.jpg in Resources */,
				2F05367B19D9DBB400C14AF5 /* Main.storyboard in Resources */,
				2F05368019D9DBB400C14AF5 /* LaunchScreen.xib in Resources */,
				2F05367D19D9DBB400C14AF5 /* Images.xcassets in Resources */,
				2F8372EA1A19B1320035C322 /* magnifyingGlass.png in Resources */,
			);
			runOnlyForDeploymentPostprocessing = 0;
		};
		2F05368319D9DBB400C14AF5 /* Resources */ = {
			isa = PBXResourcesBuildPhase;
			buildActionMask = 2147483647;
			files = (
			);
			runOnlyForDeploymentPostprocessing = 0;
		};
/* End PBXResourcesBuildPhase section */

/* Begin PBXSourcesBuildPhase section */
		2F05366819D9DBB400C14AF5 /* Sources */ = {
			isa = PBXSourcesBuildPhase;
			buildActionMask = 2147483647;
			files = (
				2FF5B5101A16A10E00A3A196 /* BoardModel.m in Sources */,
				2F70F5EA19FDFE0A00542D24 /* GameCreationViewController.m in Sources */,
				2F2DB61D1A0872EF00F98E23 /* DetailArchiveWordlistTableViewController.m in Sources */,
				2FC56FDD1A000A5B00BF3EF7 /* CurrentWordsTableViewCell.m in Sources */,
				2F05367519D9DBB400C14AF5 /* AppDelegate.m in Sources */,
				2F05367219D9DBB400C14AF5 /* main.m in Sources */,
				2F8372F71A1AE5F80035C322 /* HomeScreenViewController.m in Sources */,
				2F2DB6201A09532300F98E23 /* SelectWordTableViewCell.m in Sources */,
				2FD2ABA41A1C5A05004FA5AE /* InvitationsTableViewController.m in Sources */,
				2FC4B6B81A19A7B6007B5F78 /* InviteFriendsViewController.m in Sources */,
				2F8372F01A19B3190035C322 /* SearchUsersTableViewCell.m in Sources */,
				2FD2ABA81A1C632D004FA5AE /* InvitationTableViewCell.m in Sources */,
				2FC4B6BB1A19AB0D007B5F78 /* InviteFriendModel.m in Sources */,
				2F8372ED1A19B1660035C322 /* SearchUsersTableViewController.m in Sources */,
				2F1B52EB1A16591300D91BE6 /* PublicGamesTableViewController.m in Sources */,
				2FD0D77219FAB45200F19DF6 /* LoginSignUp.m in Sources */,
				2FD0D76419F987C800F19DF6 /* NSStringAdditions.h in Sources */,
				2FC383BD19FC84AD00B5B725 /* ForgotPasswordViewController.m in Sources */,
				2FC56FD919FFFFD400BF3EF7 /* CurrentWordsTableViewController.m in Sources */,
				2F70F5C719FD81B200542D24 /* ErrorMessage.m in Sources */,
				2F423F2B1A1074810003DBAA /* BingoBoardViewController.m in Sources */,
				2F518A4719FF2C8200A587D0 /* MBProgressHUD.m in Sources */,
				2F2DB61A1A08590B00F98E23 /* ArchivedWordListsTableViewController.m in Sources */,
			);
			runOnlyForDeploymentPostprocessing = 0;
		};
		2F05368119D9DBB400C14AF5 /* Sources */ = {
			isa = PBXSourcesBuildPhase;
			buildActionMask = 2147483647;
			files = (
				2F05368C19D9DBB400C14AF5 /* BoredRoomBingoTests.m in Sources */,
				2F70F5E619FDBD3300542D24 /* LoginSignUpTests.m in Sources */,
			);
			runOnlyForDeploymentPostprocessing = 0;
		};
/* End PBXSourcesBuildPhase section */

/* Begin PBXTargetDependency section */
		2F05368719D9DBB400C14AF5 /* PBXTargetDependency */ = {
			isa = PBXTargetDependency;
			target = 2F05366B19D9DBB400C14AF5 /* BoredRoomBingo */;
			targetProxy = 2F05368619D9DBB400C14AF5 /* PBXContainerItemProxy */;
		};
/* End PBXTargetDependency section */

/* Begin PBXVariantGroup section */
		2F05367919D9DBB400C14AF5 /* Main.storyboard */ = {
			isa = PBXVariantGroup;
			children = (
				2F05367A19D9DBB400C14AF5 /* Base */,
			);
			name = Main.storyboard;
			sourceTree = "<group>";
		};
		2F05367E19D9DBB400C14AF5 /* LaunchScreen.xib */ = {
			isa = PBXVariantGroup;
			children = (
				2F05367F19D9DBB400C14AF5 /* Base */,
			);
			name = LaunchScreen.xib;
			sourceTree = "<group>";
		};
/* End PBXVariantGroup section */

/* Begin XCBuildConfiguration section */
		2F05368D19D9DBB400C14AF5 /* Debug */ = {
			isa = XCBuildConfiguration;
			buildSettings = {
				ALWAYS_SEARCH_USER_PATHS = NO;
				CLANG_CXX_LANGUAGE_STANDARD = "gnu++0x";
				CLANG_CXX_LIBRARY = "libc++";
				CLANG_ENABLE_MODULES = YES;
				CLANG_ENABLE_OBJC_ARC = YES;
				CLANG_WARN_BOOL_CONVERSION = YES;
				CLANG_WARN_CONSTANT_CONVERSION = YES;
				CLANG_WARN_DIRECT_OBJC_ISA_USAGE = YES_ERROR;
				CLANG_WARN_EMPTY_BODY = YES;
				CLANG_WARN_ENUM_CONVERSION = YES;
				CLANG_WARN_INT_CONVERSION = YES;
				CLANG_WARN_OBJC_ROOT_CLASS = YES_ERROR;
				CLANG_WARN_UNREACHABLE_CODE = YES;
				CLANG_WARN__DUPLICATE_METHOD_MATCH = YES;
				"CODE_SIGN_IDENTITY[sdk=iphoneos*]" = "iPhone Developer";
				COPY_PHASE_STRIP = NO;
				ENABLE_STRICT_OBJC_MSGSEND = YES;
				GCC_C_LANGUAGE_STANDARD = gnu99;
				GCC_DYNAMIC_NO_PIC = NO;
				GCC_OPTIMIZATION_LEVEL = 0;
				GCC_PREPROCESSOR_DEFINITIONS = (
					"DEBUG=1",
					"$(inherited)",
				);
				GCC_SYMBOLS_PRIVATE_EXTERN = NO;
				GCC_WARN_64_TO_32_BIT_CONVERSION = YES;
				GCC_WARN_ABOUT_RETURN_TYPE = YES_ERROR;
				GCC_WARN_UNDECLARED_SELECTOR = YES;
				GCC_WARN_UNINITIALIZED_AUTOS = YES_AGGRESSIVE;
				GCC_WARN_UNUSED_FUNCTION = YES;
				GCC_WARN_UNUSED_VARIABLE = YES;
				IPHONEOS_DEPLOYMENT_TARGET = 8.0;
				MTL_ENABLE_DEBUG_INFO = YES;
				ONLY_ACTIVE_ARCH = YES;
				SDKROOT = iphoneos;
			};
			name = Debug;
		};
		2F05368E19D9DBB400C14AF5 /* Release */ = {
			isa = XCBuildConfiguration;
			buildSettings = {
				ALWAYS_SEARCH_USER_PATHS = NO;
				CLANG_CXX_LANGUAGE_STANDARD = "gnu++0x";
				CLANG_CXX_LIBRARY = "libc++";
				CLANG_ENABLE_MODULES = YES;
				CLANG_ENABLE_OBJC_ARC = YES;
				CLANG_WARN_BOOL_CONVERSION = YES;
				CLANG_WARN_CONSTANT_CONVERSION = YES;
				CLANG_WARN_DIRECT_OBJC_ISA_USAGE = YES_ERROR;
				CLANG_WARN_EMPTY_BODY = YES;
				CLANG_WARN_ENUM_CONVERSION = YES;
				CLANG_WARN_INT_CONVERSION = YES;
				CLANG_WARN_OBJC_ROOT_CLASS = YES_ERROR;
				CLANG_WARN_UNREACHABLE_CODE = YES;
				CLANG_WARN__DUPLICATE_METHOD_MATCH = YES;
				"CODE_SIGN_IDENTITY[sdk=iphoneos*]" = "iPhone Developer";
				COPY_PHASE_STRIP = YES;
				ENABLE_NS_ASSERTIONS = NO;
				ENABLE_STRICT_OBJC_MSGSEND = YES;
				GCC_C_LANGUAGE_STANDARD = gnu99;
				GCC_WARN_64_TO_32_BIT_CONVERSION = YES;
				GCC_WARN_ABOUT_RETURN_TYPE = YES_ERROR;
				GCC_WARN_UNDECLARED_SELECTOR = YES;
				GCC_WARN_UNINITIALIZED_AUTOS = YES_AGGRESSIVE;
				GCC_WARN_UNUSED_FUNCTION = YES;
				GCC_WARN_UNUSED_VARIABLE = YES;
				IPHONEOS_DEPLOYMENT_TARGET = 8.0;
				MTL_ENABLE_DEBUG_INFO = NO;
				SDKROOT = iphoneos;
				VALIDATE_PRODUCT = YES;
			};
			name = Release;
		};
		2F05369019D9DBB400C14AF5 /* Debug */ = {
			isa = XCBuildConfiguration;
			buildSettings = {
				ASSETCATALOG_COMPILER_APPICON_NAME = AppIcon;
				CODE_SIGN_IDENTITY = "iPhone Developer";
				FRAMEWORK_SEARCH_PATHS = (
					"$(inherited)",
					"$(PROJECT_DIR)",
					"./**",
					"$(PROJECT_DIR)/BoredRoomBingo",
				);
				INFOPLIST_FILE = BoredRoomBingo/Info.plist;
				LD_RUNPATH_SEARCH_PATHS = "$(inherited) @executable_path/Frameworks";
				OTHER_LDFLAGS = "-ObjC";
				PRODUCT_NAME = "$(TARGET_NAME)";
			};
			name = Debug;
		};
		2F05369119D9DBB400C14AF5 /* Release */ = {
			isa = XCBuildConfiguration;
			buildSettings = {
				ASSETCATALOG_COMPILER_APPICON_NAME = AppIcon;
				CODE_SIGN_IDENTITY = "iPhone Developer";
				FRAMEWORK_SEARCH_PATHS = (
					"$(inherited)",
					"$(PROJECT_DIR)",
					"./**",
					"$(PROJECT_DIR)/BoredRoomBingo",
				);
				INFOPLIST_FILE = BoredRoomBingo/Info.plist;
				LD_RUNPATH_SEARCH_PATHS = "$(inherited) @executable_path/Frameworks";
				OTHER_LDFLAGS = "-ObjC";
				PRODUCT_NAME = "$(TARGET_NAME)";
			};
			name = Release;
		};
		2F05369319D9DBB400C14AF5 /* Debug */ = {
			isa = XCBuildConfiguration;
			buildSettings = {
				BUNDLE_LOADER = "$(TEST_HOST)";
				FRAMEWORK_SEARCH_PATHS = (
					"$(SDKROOT)/Developer/Library/Frameworks",
					"$(inherited)",
					"$(PROJECT_DIR)/BoredRoomBingo",
					"/Users/TomReinhart/Desktop/testGits/login-demo-ios/sdk",
				);
				GCC_PREPROCESSOR_DEFINITIONS = (
					"DEBUG=1",
					"$(inherited)",
				);
				INFOPLIST_FILE = BoredRoomBingoTests/Info.plist;
				LD_RUNPATH_SEARCH_PATHS = "$(inherited) @executable_path/Frameworks @loader_path/Frameworks";
				PRODUCT_NAME = "$(TARGET_NAME)";
				TEST_HOST = "$(BUILT_PRODUCTS_DIR)/BoredRoomBingo.app/BoredRoomBingo";
			};
			name = Debug;
		};
		2F05369419D9DBB400C14AF5 /* Release */ = {
			isa = XCBuildConfiguration;
			buildSettings = {
				BUNDLE_LOADER = "$(TEST_HOST)";
				FRAMEWORK_SEARCH_PATHS = (
					"$(SDKROOT)/Developer/Library/Frameworks",
					"$(inherited)",
					"$(PROJECT_DIR)/BoredRoomBingo",
					"/Users/TomReinhart/Desktop/testGits/login-demo-ios/sdk",
				);
				INFOPLIST_FILE = BoredRoomBingoTests/Info.plist;
				LD_RUNPATH_SEARCH_PATHS = "$(inherited) @executable_path/Frameworks @loader_path/Frameworks";
				PRODUCT_NAME = "$(TARGET_NAME)";
				TEST_HOST = "$(BUILT_PRODUCTS_DIR)/BoredRoomBingo.app/BoredRoomBingo";
			};
			name = Release;
		};
/* End XCBuildConfiguration section */

/* Begin XCConfigurationList section */
		2F05366719D9DBB400C14AF5 /* Build configuration list for PBXProject "BoredRoomBingo" */ = {
			isa = XCConfigurationList;
			buildConfigurations = (
				2F05368D19D9DBB400C14AF5 /* Debug */,
				2F05368E19D9DBB400C14AF5 /* Release */,
			);
			defaultConfigurationIsVisible = 0;
			defaultConfigurationName = Release;
		};
		2F05368F19D9DBB400C14AF5 /* Build configuration list for PBXNativeTarget "BoredRoomBingo" */ = {
			isa = XCConfigurationList;
			buildConfigurations = (
				2F05369019D9DBB400C14AF5 /* Debug */,
				2F05369119D9DBB400C14AF5 /* Release */,
			);
			defaultConfigurationIsVisible = 0;
			defaultConfigurationName = Release;
		};
		2F05369219D9DBB400C14AF5 /* Build configuration list for PBXNativeTarget "BoredRoomBingoTests" */ = {
			isa = XCConfigurationList;
			buildConfigurations = (
				2F05369319D9DBB400C14AF5 /* Debug */,
				2F05369419D9DBB400C14AF5 /* Release */,
			);
			defaultConfigurationIsVisible = 0;
			defaultConfigurationName = Release;
		};
/* End XCConfigurationList section */
	};
	rootObject = 2F05366419D9DBB400C14AF5 /* Project object */;
}
